// !$*UTF8*$!
{
	archiveVersion = 1;
	classes = {
	};
	objectVersion = 50;
	objects = {

/* Begin PBXBuildFile section */
		A02EE8F020E62C4100D8C7EA /* AppDelegate.swift in Sources */ = {isa = PBXBuildFile; fileRef = A02EE8EF20E62C4100D8C7EA /* AppDelegate.swift */; };
		A02EE8F220E62C4100D8C7EA /* ViewController.swift in Sources */ = {isa = PBXBuildFile; fileRef = A02EE8F120E62C4100D8C7EA /* ViewController.swift */; };
		A02EE8F520E62C4100D8C7EA /* Main.storyboard in Resources */ = {isa = PBXBuildFile; fileRef = A02EE8F320E62C4100D8C7EA /* Main.storyboard */; };
		A02EE8F720E62C4200D8C7EA /* Assets.xcassets in Resources */ = {isa = PBXBuildFile; fileRef = A02EE8F620E62C4200D8C7EA /* Assets.xcassets */; };
		A02EE8FA20E62C4200D8C7EA /* LaunchScreen.storyboard in Resources */ = {isa = PBXBuildFile; fileRef = A02EE8F820E62C4200D8C7EA /* LaunchScreen.storyboard */; };
		A060D5DC20EAC0E8008ADEC3 /* KeyboardAvoider.swift in Sources */ = {isa = PBXBuildFile; fileRef = A060D5DB20EAC0E8008ADEC3 /* KeyboardAvoider.swift */; };
		A0FB5F1920EA5FB200694387 /* SimpleViewController.swift in Sources */ = {isa = PBXBuildFile; fileRef = A0FB5F1820EA5FB200694387 /* SimpleViewController.swift */; };
/* End PBXBuildFile section */

/* Begin PBXFileReference section */
		A02EE8EC20E62C4100D8C7EA /* Keyboard Overlapping Fix.app */ = {isa = PBXFileReference; explicitFileType = wrapper.application; includeInIndex = 0; path = "Keyboard Overlapping Fix.app"; sourceTree = BUILT_PRODUCTS_DIR; };
		A02EE8EF20E62C4100D8C7EA /* AppDelegate.swift */ = {isa = PBXFileReference; lastKnownFileType = sourcecode.swift; path = AppDelegate.swift; sourceTree = "<group>"; };
		A02EE8F120E62C4100D8C7EA /* ViewController.swift */ = {isa = PBXFileReference; lastKnownFileType = sourcecode.swift; path = ViewController.swift; sourceTree = "<group>"; };
		A02EE8F420E62C4100D8C7EA /* Base */ = {isa = PBXFileReference; lastKnownFileType = file.storyboard; name = Base; path = Base.lproj/Main.storyboard; sourceTree = "<group>"; };
		A02EE8F620E62C4200D8C7EA /* Assets.xcassets */ = {isa = PBXFileReference; lastKnownFileType = folder.assetcatalog; path = Assets.xcassets; sourceTree = "<group>"; };
		A02EE8F920E62C4200D8C7EA /* Base */ = {isa = PBXFileReference; lastKnownFileType = file.storyboard; name = Base; path = Base.lproj/LaunchScreen.storyboard; sourceTree = "<group>"; };
		A02EE8FB20E62C4200D8C7EA /* Info.plist */ = {isa = PBXFileReference; lastKnownFileType = text.plist.xml; path = Info.plist; sourceTree = "<group>"; };
		A060D5DB20EAC0E8008ADEC3 /* KeyboardAvoider.swift */ = {isa = PBXFileReference; lastKnownFileType = sourcecode.swift; path = KeyboardAvoider.swift; sourceTree = "<group>"; };
		A0FB5F1820EA5FB200694387 /* SimpleViewController.swift */ = {isa = PBXFileReference; lastKnownFileType = sourcecode.swift; path = SimpleViewController.swift; sourceTree = "<group>"; };
/* End PBXFileReference section */

/* Begin PBXFrameworksBuildPhase section */
		A02EE8E920E62C4100D8C7EA /* Frameworks */ = {
			isa = PBXFrameworksBuildPhase;
			buildActionMask = 2147483647;
			files = (
			);
			runOnlyForDeploymentPostprocessing = 0;
		};
/* End PBXFrameworksBuildPhase section */

/* Begin PBXGroup section */
		A02EE8E320E62C4100D8C7EA = {
			isa = PBXGroup;
			children = (
				A02EE8EE20E62C4100D8C7EA /* Keyboard Overlapping Fix */,
				A02EE8ED20E62C4100D8C7EA /* Products */,
			);
			sourceTree = "<group>";
		};
		A02EE8ED20E62C4100D8C7EA /* Products */ = {
			isa = PBXGroup;
			children = (
				A02EE8EC20E62C4100D8C7EA /* Keyboard Overlapping Fix.app */,
			);
			name = Products;
			sourceTree = "<group>";
		};
		A02EE8EE20E62C4100D8C7EA /* Keyboard Overlapping Fix */ = {
			isa = PBXGroup;
			children = (
				A02EE8EF20E62C4100D8C7EA /* AppDelegate.swift */,
				A02EE8F120E62C4100D8C7EA /* ViewController.swift */,
				A0FB5F1820EA5FB200694387 /* SimpleViewController.swift */,
				A060D5DB20EAC0E8008ADEC3 /* KeyboardAvoider.swift */,
				A02EE8F320E62C4100D8C7EA /* Main.storyboard */,
				A02EE8F620E62C4200D8C7EA /* Assets.xcassets */,
				A02EE8F820E62C4200D8C7EA /* LaunchScreen.storyboard */,
				A02EE8FB20E62C4200D8C7EA /* Info.plist */,
			);
			path = "Keyboard Overlapping Fix";
			sourceTree = "<group>";
		};
/* End PBXGroup section */

/* Begin PBXNativeTarget section */
		A02EE8EB20E62C4100D8C7EA /* Keyboard Overlapping Fix */ = {
			isa = PBXNativeTarget;
			buildConfigurationList = A02EE8FE20E62C4200D8C7EA /* Build configuration list for PBXNativeTarget "Keyboard Overlapping Fix" */;
			buildPhases = (
				A02EE8E820E62C4100D8C7EA /* Sources */,
				A02EE8E920E62C4100D8C7EA /* Frameworks */,
				A02EE8EA20E62C4100D8C7EA /* Resources */,
				A02EE90120E649B100D8C7EA /* Add Reveal */,
			);
			buildRules = (
			);
			dependencies = (
			);
			name = "Keyboard Overlapping Fix";
			productName = "Keyboard Overlapping Fix";
			productReference = A02EE8EC20E62C4100D8C7EA /* Keyboard Overlapping Fix.app */;
			productType = "com.apple.product-type.application";
		};
/* End PBXNativeTarget section */

/* Begin PBXProject section */
		A02EE8E420E62C4100D8C7EA /* Project object */ = {
			isa = PBXProject;
			attributes = {
				LastSwiftUpdateCheck = 0940;
				LastUpgradeCheck = 0940;
				ORGANIZATIONNAME = "Andrej Krizmancic";
				TargetAttributes = {
					A02EE8EB20E62C4100D8C7EA = {
						CreatedOnToolsVersion = 9.4.1;
					};
				};
			};
			buildConfigurationList = A02EE8E720E62C4100D8C7EA /* Build configuration list for PBXProject "Keyboard Overlapping Fix" */;
			compatibilityVersion = "Xcode 9.3";
			developmentRegion = en;
			hasScannedForEncodings = 0;
			knownRegions = (
				en,
				Base,
			);
			mainGroup = A02EE8E320E62C4100D8C7EA;
			productRefGroup = A02EE8ED20E62C4100D8C7EA /* Products */;
			projectDirPath = "";
			projectRoot = "";
			targets = (
				A02EE8EB20E62C4100D8C7EA /* Keyboard Overlapping Fix */,
			);
		};
/* End PBXProject section */

/* Begin PBXResourcesBuildPhase section */
		A02EE8EA20E62C4100D8C7EA /* Resources */ = {
			isa = PBXResourcesBuildPhase;
			buildActionMask = 2147483647;
			files = (
				A02EE8FA20E62C4200D8C7EA /* LaunchScreen.storyboard in Resources */,
				A02EE8F720E62C4200D8C7EA /* Assets.xcassets in Resources */,
				A02EE8F520E62C4100D8C7EA /* Main.storyboard in Resources */,
			);
			runOnlyForDeploymentPostprocessing = 0;
		};
/* End PBXResourcesBuildPhase section */

/* Begin PBXShellScriptBuildPhase section */
		A02EE90120E649B100D8C7EA /* Add Reveal */ = {
			isa = PBXShellScriptBuildPhase;
			buildActionMask = 2147483647;
			files = (
			);
			inputPaths = (
			);
			name = "Add Reveal";
			outputPaths = (
			);
			runOnlyForDeploymentPostprocessing = 0;
			shellPath = /bin/sh;
			shellScript = "REVEAL_APP_PATH=$(mdfind kMDItemCFBundleIdentifier=\"com.ittybittyapps.Reveal2\" | head -n 1)\nBUILD_SCRIPT_PATH=\"${REVEAL_APP_PATH}/Contents/SharedSupport/Scripts/reveal_server_build_phase.sh\"\nif [ \"${REVEAL_APP_PATH}\" -a -e \"${BUILD_SCRIPT_PATH}\" ]; then\n\"${BUILD_SCRIPT_PATH}\"\nelse\necho \"Reveal Server not loaded: Cannot find a compatible Reveal app.\"\nfi";
		};
/* End PBXShellScriptBuildPhase section */

/* Begin PBXSourcesBuildPhase section */
		A02EE8E820E62C4100D8C7EA /* Sources */ = {
			isa = PBXSourcesBuildPhase;
			buildActionMask = 2147483647;
			files = (
				A02EE8F220E62C4100D8C7EA /* ViewController.swift in Sources */,
				A02EE8F020E62C4100D8C7EA /* AppDelegate.swift in Sources */,
				A0FB5F1920EA5FB200694387 /* SimpleViewController.swift in Sources */,
				A060D5DC20EAC0E8008ADEC3 /* KeyboardAvoider.swift in Sources */,
			);
			runOnlyForDeploymentPostprocessing = 0;
		};
/* End PBXSourcesBuildPhase section */

/* Begin PBXVariantGroup section */
		A02EE8F320E62C4100D8C7EA /* Main.storyboard */ = {
			isa = PBXVariantGroup;
			children = (
				A02EE8F420E62C4100D8C7EA /* Base */,
			);
			name = Main.storyboard;
			sourceTree = "<group>";
		};
		A02EE8F820E62C4200D8C7EA /* LaunchScreen.storyboard */ = {
			isa = PBXVariantGroup;
			children = (
				A02EE8F920E62C4200D8C7EA /* Base */,
			);
			name = LaunchScreen.storyboard;
			sourceTree = "<group>";
		};
/* End PBXVariantGroup section */

/* Begin XCBuildConfiguration section */
		A02EE8FC20E62C4200D8C7EA /* Debug */ = {
			isa = XCBuildConfiguration;
			buildSettings = {
				ALWAYS_SEARCH_USER_PATHS = NO;
				CLANG_ANALYZER_NONNULL = YES;
				CLANG_ANALYZER_NUMBER_OBJECT_CONVERSION = YES_AGGRESSIVE;
				CLANG_CXX_LANGUAGE_STANDARD = "gnu++14";
				CLANG_CXX_LIBRARY = "libc++";
				CLANG_ENABLE_MODULES = YES;
				CLANG_ENABLE_OBJC_ARC = YES;
				CLANG_ENABLE_OBJC_WEAK = YES;
				CLANG_WARN_BLOCK_CAPTURE_AUTORELEASING = YES;
				CLANG_WARN_BOOL_CONVERSION = YES;
				CLANG_WARN_COMMA = YES;
				CLANG_WARN_CONSTANT_CONVERSION = YES;
				CLANG_WARN_DEPRECATED_OBJC_IMPLEMENTATIONS = YES;
				CLANG_WARN_DIRECT_OBJC_ISA_USAGE = YES_ERROR;
				CLANG_WARN_DOCUMENTATION_COMMENTS = YES;
				CLANG_WARN_EMPTY_BODY = YES;
				CLANG_WARN_ENUM_CONVERSION = YES;
				CLANG_WARN_INFINITE_RECURSION = YES;
				CLANG_WARN_INT_CONVERSION = YES;
				CLANG_WARN_NON_LITERAL_NULL_CONVERSION = YES;
				CLANG_WARN_OBJC_IMPLICIT_RETAIN_SELF = YES;
				CLANG_WARN_OBJC_LITERAL_CONVERSION = YES;
				CLANG_WARN_OBJC_ROOT_CLASS = YES_ERROR;
				CLANG_WARN_RANGE_LOOP_ANALYSIS = YES;
				CLANG_WARN_STRICT_PROTOTYPES = YES;
				CLANG_WARN_SUSPICIOUS_MOVE = YES;
				CLANG_WARN_UNGUARDED_AVAILABILITY = YES_AGGRESSIVE;
				CLANG_WARN_UNREACHABLE_CODE = YES;
				CLANG_WARN__DUPLICATE_METHOD_MATCH = YES;
				CODE_SIGN_IDENTITY = "iPhone Developer";
				COPY_PHASE_STRIP = NO;
				DEBUG_INFORMATION_FORMAT = dwarf;
				ENABLE_STRICT_OBJC_MSGSEND = YES;
				ENABLE_TESTABILITY = YES;
				GCC_C_LANGUAGE_STANDARD = gnu11;
				GCC_DYNAMIC_NO_PIC = NO;
				GCC_NO_COMMON_BLOCKS = YES;
				GCC_OPTIMIZATION_LEVEL = 0;
				GCC_PREPROCESSOR_DEFINITIONS = (
					"DEBUG=1",
					"$(inherited)",
				);
				GCC_WARN_64_TO_32_BIT_CONVERSION = YES;
				GCC_WARN_ABOUT_RETURN_TYPE = YES_ERROR;
				GCC_WARN_UNDECLARED_SELECTOR = YES;
				GCC_WARN_UNINITIALIZED_AUTOS = YES_AGGRESSIVE;
				GCC_WARN_UNUSED_FUNCTION = YES;
				GCC_WARN_UNUSED_VARIABLE = YES;
				IPHONEOS_DEPLOYMENT_TARGET = 11.4;
				MTL_ENABLE_DEBUG_INFO = YES;
				ONLY_ACTIVE_ARCH = YES;
				SDKROOT = iphoneos;
				SWIFT_ACTIVE_COMPILATION_CONDITIONS = DEBUG;
				SWIFT_OPTIMIZATION_LEVEL = "-Onone";
			};
			name = Debug;
		};
		A02EE8FD20E62C4200D8C7EA /* Release */ = {
			isa = XCBuildConfiguration;
			buildSettings = {
				ALWAYS_SEARCH_USER_PATHS = NO;
				CLANG_ANALYZER_NONNULL = YES;
				CLANG_ANALYZER_NUMBER_OBJECT_CONVERSION = YES_AGGRESSIVE;
				CLANG_CXX_LANGUAGE_STANDARD = "gnu++14";
				CLANG_CXX_LIBRARY = "libc++";
				CLANG_ENABLE_MODULES = YES;
				CLANG_ENABLE_OBJC_ARC = YES;
				CLANG_ENABLE_OBJC_WEAK = YES;
				CLANG_WARN_BLOCK_CAPTURE_AUTORELEASING = YES;
				CLANG_WARN_BOOL_CONVERSION = YES;
				CLANG_WARN_COMMA = YES;
				CLANG_WARN_CONSTANT_CONVERSION = YES;
				CLANG_WARN_DEPRECATED_OBJC_IMPLEMENTATIONS = YES;
				CLANG_WARN_DIRECT_OBJC_ISA_USAGE = YES_ERROR;
				CLANG_WARN_DOCUMENTATION_COMMENTS = YES;
				CLANG_WARN_EMPTY_BODY = YES;
				CLANG_WARN_ENUM_CONVERSION = YES;
				CLANG_WARN_INFINITE_RECURSION = YES;
				CLANG_WARN_INT_CONVERSION = YES;
				CLANG_WARN_NON_LITERAL_NULL_CONVERSION = YES;
				CLANG_WARN_OBJC_IMPLICIT_RETAIN_SELF = YES;
				CLANG_WARN_OBJC_LITERAL_CONVERSION = YES;
				CLANG_WARN_OBJC_ROOT_CLASS = YES_ERROR;
				CLANG_WARN_RANGE_LOOP_ANALYSIS = YES;
				CLANG_WARN_STRICT_PROTOTYPES = YES;
				CLANG_WARN_SUSPICIOUS_MOVE = YES;
				CLANG_WARN_UNGUARDED_AVAILABILITY = YES_AGGRESSIVE;
				CLANG_WARN_UNREACHABLE_CODE = YES;
				CLANG_WARN__DUPLICATE_METHOD_MATCH = YES;
				CODE_SIGN_IDENTITY = "iPhone Developer";
				COPY_PHASE_STRIP = NO;
				DEBUG_INFORMATION_FORMAT = "dwarf-with-dsym";
				ENABLE_NS_ASSERTIONS = NO;
				ENABLE_STRICT_OBJC_MSGSEND = YES;
				GCC_C_LANGUAGE_STANDARD = gnu11;
				GCC_NO_COMMON_BLOCKS = YES;
				GCC_WARN_64_TO_32_BIT_CONVERSION = YES;
				GCC_WARN_ABOUT_RETURN_TYPE = YES_ERROR;
				GCC_WARN_UNDECLARED_SELECTOR = YES;
				GCC_WARN_UNINITIALIZED_AUTOS = YES_AGGRESSIVE;
				GCC_WARN_UNUSED_FUNCTION = YES;
				GCC_WARN_UNUSED_VARIABLE = YES;
				IPHONEOS_DEPLOYMENT_TARGET = 11.4;
				MTL_ENABLE_DEBUG_INFO = NO;
				SDKROOT = iphoneos;
				SWIFT_COMPILATION_MODE = wholemodule;
				SWIFT_OPTIMIZATION_LEVEL = "-O";
				VALIDATE_PRODUCT = YES;
			};
			name = Release;
		};
		A02EE8FF20E62C4200D8C7EA /* Debug */ = {
			isa = XCBuildConfiguration;
			buildSettings = {
				ASSETCATALOG_COMPILER_APPICON_NAME = AppIcon;
				CODE_SIGN_STYLE = Automatic;
				DEVELOPMENT_TEAM = ELAFMHX4F8;
				INFOPLIST_FILE = "Keyboard Overlapping Fix/Info.plist";
				LD_RUNPATH_SEARCH_PATHS = (
					"$(inherited)",
					"@executable_path/Frameworks",
				);
				PRODUCT_BUNDLE_IDENTIFIER = "com.tekaso.Keyboard-Overlapping-Fix";
				PRODUCT_NAME = "$(TARGET_NAME)";
				SWIFT_VERSION = 4.0;
				TARGETED_DEVICE_FAMILY = "1,2";
			};
			name = Debug;
		};
		A02EE90020E62C4200D8C7EA /* Release */ = {
			isa = XCBuildConfiguration;
			buildSettings = {
				ASSETCATALOG_COMPILER_APPICON_NAME = AppIcon;
				CODE_SIGN_STYLE = Automatic;
				DEVELOPMENT_TEAM = ELAFMHX4F8;
				INFOPLIST_FILE = "Keyboard Overlapping Fix/Info.plist";
				LD_RUNPATH_SEARCH_PATHS = (
					"$(inherited)",
					"@executable_path/Frameworks",
				);
				PRODUCT_BUNDLE_IDENTIFIER = "com.tekaso.Keyboard-Overlapping-Fix";
				PRODUCT_NAME = "$(TARGET_NAME)";
				SWIFT_VERSION = 4.0;
				TARGETED_DEVICE_FAMILY = "1,2";
			};
			name = Release;
		};
/* End XCBuildConfiguration section */

/* Begin XCConfigurationList section */
		A02EE8E720E62C4100D8C7EA /* Build configuration list for PBXProject "Keyboard Overlapping Fix" */ = {
			isa = XCConfigurationList;
			buildConfigurations = (
				A02EE8FC20E62C4200D8C7EA /* Debug */,
				A02EE8FD20E62C4200D8C7EA /* Release */,
			);
			defaultConfigurationIsVisible = 0;
			defaultConfigurationName = Release;
		};
		A02EE8FE20E62C4200D8C7EA /* Build configuration list for PBXNativeTarget "Keyboard Overlapping Fix" */ = {
			isa = XCConfigurationList;
			buildConfigurations = (
				A02EE8FF20E62C4200D8C7EA /* Debug */,
				A02EE90020E62C4200D8C7EA /* Release */,
			);
			defaultConfigurationIsVisible = 0;
			defaultConfigurationName = Release;
		};
/* End XCConfigurationList section */
	};
	rootObject = A02EE8E420E62C4100D8C7EA /* Project object */;
}
